
Microsoft Visual Studio Solution File, Format Version 12.00
# Visual Studio Version 17
VisualStudioVersion = 17.5.002.0
MinimumVisualStudioVersion = 10.0.40219.1
Project("{9A19103F-16F7-4668-BE54-9A1E7A4F7556}") = "Atividade_240304", "Atividade_240304.csproj", "{12F3F61D-C30F-4E8A-8219-B06EF7FAE007}"
EndProject
Global
	GlobalSection(SolutionConfigurationPlatforms) = preSolution
		Debug|Any CPU = Debug|Any CPU
		Release|Any CPU = Release|Any CPU
	EndGlobalSection
	GlobalSection(ProjectConfigurationPlatforms) = postSolution
		{12F3F61D-C30F-4E8A-8219-B06EF7FAE007}.Debug|Any CPU.ActiveCfg = Debug|Any CPU
		{12F3F61D-C30F-4E8A-8219-B06EF7FAE007}.Debug|Any CPU.Build.0 = Debug|Any CPU
		{12F3F61D-C30F-4E8A-8219-B06EF7FAE007}.Release|Any CPU.ActiveCfg = Release|Any CPU
		{12F3F61D-C30F-4E8A-8219-B06EF7FAE007}.Release|Any CPU.Build.0 = Release|Any CPU
	EndGlobalSection
	GlobalSection(SolutionProperties) = preSolution
		HideSolutionNode = FALSE
	EndGlobalSection
	GlobalSection(ExtensibilityGlobals) = postSolution
		SolutionGuid = {2A048910-6839-4D28-A5D5-5E11398A03B5}
	EndGlobalSection
EndGlobal
