
Microsoft Visual Studio Solution File, Format Version 12.00
# Visual Studio Version 17
VisualStudioVersion = 17.5.002.0
MinimumVisualStudioVersion = 10.0.40219.1
Project("{9A19103F-16F7-4668-BE54-9A1E7A4F7556}") = "2400311_01", "2400311_01.csproj", "{9CAAC669-D14B-49F7-AC20-55048204927C}"
EndProject
Global
	GlobalSection(SolutionConfigurationPlatforms) = preSolution
		Debug|Any CPU = Debug|Any CPU
		Release|Any CPU = Release|Any CPU
	EndGlobalSection
	GlobalSection(ProjectConfigurationPlatforms) = postSolution
		{9CAAC669-D14B-49F7-AC20-55048204927C}.Debug|Any CPU.ActiveCfg = Debug|Any CPU
		{9CAAC669-D14B-49F7-AC20-55048204927C}.Debug|Any CPU.Build.0 = Debug|Any CPU
		{9CAAC669-D14B-49F7-AC20-55048204927C}.Release|Any CPU.ActiveCfg = Release|Any CPU
		{9CAAC669-D14B-49F7-AC20-55048204927C}.Release|Any CPU.Build.0 = Release|Any CPU
	EndGlobalSection
	GlobalSection(SolutionProperties) = preSolution
		HideSolutionNode = FALSE
	EndGlobalSection
	GlobalSection(ExtensibilityGlobals) = postSolution
		SolutionGuid = {304E9F90-77A8-45CE-A7BA-7D1B9C7A856E}
	EndGlobalSection
EndGlobal
